
Microsoft Visual Studio Solution File, Format Version 12.00
# Visual Studio Version 17
VisualStudioVersion = 17.13.35806.99 d17.13
MinimumVisualStudioVersion = 10.0.40219.1
Project("{FAE04EC0-301F-11D3-BF4B-00C04F79EFBC}") = "Laba-1", "Laba-1\Laba-1.csproj", "{60479338-C561-4014-B03C-4831C129556C}"
EndProject
Global
	GlobalSection(SolutionConfigurationPlatforms) = preSolution
		Debug|Any CPU = Debug|Any CPU
		Release|Any CPU = Release|Any CPU
	EndGlobalSection
	GlobalSection(ProjectConfigurationPlatforms) = postSolution
		{60479338-C561-4014-B03C-4831C129556C}.Debug|Any CPU.ActiveCfg = Debug|Any CPU
		{60479338-C561-4014-B03C-4831C129556C}.Debug|Any CPU.Build.0 = Debug|Any CPU
		{60479338-C561-4014-B03C-4831C129556C}.Release|Any CPU.ActiveCfg = Release|Any CPU
		{60479338-C561-4014-B03C-4831C129556C}.Release|Any CPU.Build.0 = Release|Any CPU
	EndGlobalSection
	GlobalSection(SolutionProperties) = preSolution
		HideSolutionNode = FALSE
	EndGlobalSection
	GlobalSection(ExtensibilityGlobals) = postSolution
		SolutionGuid = {11BDD480-504A-4876-AE7D-C7CCD3FE67D0}
	EndGlobalSection
EndGlobal
